
Microsoft Visual Studio Solution File, Format Version 12.00
# Visual Studio 15
VisualStudioVersion = 15.0.27004.2006
MinimumVisualStudioVersion = 10.0.40219.1
Project("{A07B5EB6-E848-4116-A8D0-A826331D98C6}") = "TrackerApplication", "TrackerApplication\TrackerApplication.sfproj", "{C47A31D6-7A18-415C-9F70-0B24E90703EC}"
EndProject
Project("{FAE04EC0-301F-11D3-BF4B-00C04F79EFBC}") = "TrackerApp.API", "TrackerApp.API\TrackerApp.API.csproj", "{A4E8D464-4A20-45CE-BD32-3F25A659E170}"
EndProject
Global
	GlobalSection(SolutionConfigurationPlatforms) = preSolution
		Debug|x64 = Debug|x64
		Release|x64 = Release|x64
	EndGlobalSection
	GlobalSection(ProjectConfigurationPlatforms) = postSolution
		{C47A31D6-7A18-415C-9F70-0B24E90703EC}.Debug|x64.ActiveCfg = Debug|x64
		{C47A31D6-7A18-415C-9F70-0B24E90703EC}.Debug|x64.Build.0 = Debug|x64
		{C47A31D6-7A18-415C-9F70-0B24E90703EC}.Debug|x64.Deploy.0 = Debug|x64
		{C47A31D6-7A18-415C-9F70-0B24E90703EC}.Release|x64.ActiveCfg = Release|x64
		{C47A31D6-7A18-415C-9F70-0B24E90703EC}.Release|x64.Build.0 = Release|x64
		{C47A31D6-7A18-415C-9F70-0B24E90703EC}.Release|x64.Deploy.0 = Release|x64
		{A4E8D464-4A20-45CE-BD32-3F25A659E170}.Debug|x64.ActiveCfg = Debug|x64
		{A4E8D464-4A20-45CE-BD32-3F25A659E170}.Debug|x64.Build.0 = Debug|x64
		{A4E8D464-4A20-45CE-BD32-3F25A659E170}.Release|x64.ActiveCfg = Release|x64
		{A4E8D464-4A20-45CE-BD32-3F25A659E170}.Release|x64.Build.0 = Release|x64
	EndGlobalSection
	GlobalSection(SolutionProperties) = preSolution
		HideSolutionNode = FALSE
	EndGlobalSection
	GlobalSection(ExtensibilityGlobals) = postSolution
		SolutionGuid = {A0F3DE89-B154-495B-BCFC-9D4F0E2A500E}
	EndGlobalSection
EndGlobal
